{
  "name": "fireX",
  "lockfileVersion": 3,
  "requires": true,
  "packages": {
    "": {
      "devDependencies": {
        "eruda": "^3.2.3"
      }
    },
    "node_modules/eruda": {
      "version": "3.2.3",
      "resolved": "https://registry.npmjs.org/eruda/-/eruda-3.2.3.tgz",
      "integrity": "sha512-304e6QPmPGoFHh+nI0BJHBuGJFCh+VoRvpaFg4FIQA1+JS+DpjWCylLdbXp1O73735+47Wuls7+qUmB3khelmg==",
      "dev": true
    }
  }
}
